
Microsoft Visual Studio Solution File, Format Version 12.00
# Visual Studio Version 16
VisualStudioVersion = 16.0.30320.27
MinimumVisualStudioVersion = 15.0.26124.0
Project("{2150E333-8FDC-42A3-9474-1A3956D46DE8}") = "src", "src", "{EBB85649-FC2B-4453-A7AC-C7DE7A8E8D80}"
EndProject
Project("{9A19103F-16F7-4668-BE54-9A1E7A4F7556}") = "JubanShared", "src\JubanShared\JubanShared.csproj", "{55A710D2-8482-494E-9AE1-44D27FBA6119}"
EndProject
Project("{2150E333-8FDC-42A3-9474-1A3956D46DE8}") = "tests", "tests", "{439A89E3-42B2-4123-8465-C0C79FF2AB9A}"
EndProject
Project("{FAE04EC0-301F-11D3-BF4B-00C04F79EFBC}") = "JubanShared.Tests", "tests\JubanShared.Tests\JubanShared.Tests.csproj", "{AFA3FE83-5E77-4BBE-A789-CFE257D2914B}"
EndProject
Global
	GlobalSection(SolutionConfigurationPlatforms) = preSolution
		Debug|Any CPU = Debug|Any CPU
		Debug|x64 = Debug|x64
		Debug|x86 = Debug|x86
		Release|Any CPU = Release|Any CPU
		Release|x64 = Release|x64
		Release|x86 = Release|x86
	EndGlobalSection
	GlobalSection(ProjectConfigurationPlatforms) = postSolution
		{55A710D2-8482-494E-9AE1-44D27FBA6119}.Debug|Any CPU.ActiveCfg = Debug|Any CPU
		{55A710D2-8482-494E-9AE1-44D27FBA6119}.Debug|Any CPU.Build.0 = Debug|Any CPU
		{55A710D2-8482-494E-9AE1-44D27FBA6119}.Debug|x64.ActiveCfg = Debug|Any CPU
		{55A710D2-8482-494E-9AE1-44D27FBA6119}.Debug|x64.Build.0 = Debug|Any CPU
		{55A710D2-8482-494E-9AE1-44D27FBA6119}.Debug|x86.ActiveCfg = Debug|Any CPU
		{55A710D2-8482-494E-9AE1-44D27FBA6119}.Debug|x86.Build.0 = Debug|Any CPU
		{55A710D2-8482-494E-9AE1-44D27FBA6119}.Release|Any CPU.ActiveCfg = Release|Any CPU
		{55A710D2-8482-494E-9AE1-44D27FBA6119}.Release|Any CPU.Build.0 = Release|Any CPU
		{55A710D2-8482-494E-9AE1-44D27FBA6119}.Release|x64.ActiveCfg = Release|Any CPU
		{55A710D2-8482-494E-9AE1-44D27FBA6119}.Release|x64.Build.0 = Release|Any CPU
		{55A710D2-8482-494E-9AE1-44D27FBA6119}.Release|x86.ActiveCfg = Release|Any CPU
		{55A710D2-8482-494E-9AE1-44D27FBA6119}.Release|x86.Build.0 = Release|Any CPU
		{AFA3FE83-5E77-4BBE-A789-CFE257D2914B}.Debug|Any CPU.ActiveCfg = Debug|Any CPU
		{AFA3FE83-5E77-4BBE-A789-CFE257D2914B}.Debug|Any CPU.Build.0 = Debug|Any CPU
		{AFA3FE83-5E77-4BBE-A789-CFE257D2914B}.Debug|x64.ActiveCfg = Debug|Any CPU
		{AFA3FE83-5E77-4BBE-A789-CFE257D2914B}.Debug|x64.Build.0 = Debug|Any CPU
		{AFA3FE83-5E77-4BBE-A789-CFE257D2914B}.Debug|x86.ActiveCfg = Debug|Any CPU
		{AFA3FE83-5E77-4BBE-A789-CFE257D2914B}.Debug|x86.Build.0 = Debug|Any CPU
		{AFA3FE83-5E77-4BBE-A789-CFE257D2914B}.Release|Any CPU.ActiveCfg = Release|Any CPU
		{AFA3FE83-5E77-4BBE-A789-CFE257D2914B}.Release|Any CPU.Build.0 = Release|Any CPU
		{AFA3FE83-5E77-4BBE-A789-CFE257D2914B}.Release|x64.ActiveCfg = Release|Any CPU
		{AFA3FE83-5E77-4BBE-A789-CFE257D2914B}.Release|x64.Build.0 = Release|Any CPU
		{AFA3FE83-5E77-4BBE-A789-CFE257D2914B}.Release|x86.ActiveCfg = Release|Any CPU
		{AFA3FE83-5E77-4BBE-A789-CFE257D2914B}.Release|x86.Build.0 = Release|Any CPU
	EndGlobalSection
	GlobalSection(SolutionProperties) = preSolution
		HideSolutionNode = FALSE
	EndGlobalSection
	GlobalSection(NestedProjects) = preSolution
		{55A710D2-8482-494E-9AE1-44D27FBA6119} = {EBB85649-FC2B-4453-A7AC-C7DE7A8E8D80}
		{AFA3FE83-5E77-4BBE-A789-CFE257D2914B} = {439A89E3-42B2-4123-8465-C0C79FF2AB9A}
	EndGlobalSection
	GlobalSection(ExtensibilityGlobals) = postSolution
		SolutionGuid = {F8E78175-7B9E-48D1-A5F9-4A07108E1386}
	EndGlobalSection
EndGlobal
